{
  "name": "test",
  "version": "1.0.0",
  "lockfileVersion": 3,
  "requires": true,
  "packages": {
    "": {
      "name": "test",
      "version": "1.0.0",
      "license": "ISC",
      "devDependencies": {
        "@langchain/langgraph-checkpoint-validation": "file:../reference-codebase/langgraphjs/libs/checkpoint-validation"
      }
    },
    "../../../../sources/langgraphjs/libs/checkpoint": {
      "extraneous": true
    },
    "../../../../sources/langgraphjs/libs/checkpoint-validation": {
      "extraneous": true
    },
    "../../../sources/langgraphjs/libs/checkpoint": {
      "name": "@langchain/langgraph-checkpoint",
      "version": "0.1.0",
      "extraneous": true,
      "license": "MIT",
      "dependencies": {
        "uuid": "^10.0.0"
      },
      "devDependencies": {
        "@langchain/scripts": ">=0.1.3 <0.2.0",
        "@tsconfig/recommended": "^1.0.3",
        "@types/uuid": "^10",
        "@typescript-eslint/eslint-plugin": "^6.12.0",
        "@typescript-eslint/parser": "^6.12.0",
        "dotenv": "^16.3.1",
        "dpdm": "^3.12.0",
        "eslint": "^8.33.0",
        "eslint-config-airbnb-base": "^15.0.0",
        "eslint-config-prettier": "^8.6.0",
        "eslint-plugin-import": "^2.29.1",
        "eslint-plugin-no-instanceof": "^1.0.1",
        "eslint-plugin-prettier": "^4.2.1",
        "prettier": "^2.8.3",
        "release-it": "^19.0.2",
        "rollup": "^4.37.0",
        "tsx": "^4.19.3",
        "typescript": "^4.9.5 || ^5.4.5",
        "vitest": "^3.1.2"
      },
      "engines": {
        "node": ">=18"
      },
      "peerDependencies": {
        "@langchain/core": ">=0.2.31 <0.4.0"
      }
    },
    "../../../sources/langgraphjs/libs/checkpoint-validation": {
      "name": "@langchain/langgraph-checkpoint-validation",
      "version": "1.0.0",
      "extraneous": true,
      "license": "MIT",
      "dependencies": {
        "vitest": "^3.2.4",
        "yargs": "^17.7.2",
        "zod": "^3.23.8"
      },
      "bin": {
        "validate-checkpointer": "bin/cli.js"
      },
      "devDependencies": {
        "@langchain/langgraph-checkpoint": "workspace:*",
        "@langchain/langgraph-checkpoint-mongodb": "workspace:*",
        "@langchain/langgraph-checkpoint-postgres": "workspace:*",
        "@langchain/langgraph-checkpoint-redis": "workspace:*",
        "@langchain/langgraph-checkpoint-sqlite": "workspace:*",
        "@langchain/scripts": ">=0.1.3 <0.2.0",
        "@testcontainers/mongodb": "^11.0.3",
        "@testcontainers/postgresql": "^11.0.3",
        "@tsconfig/recommended": "^1.0.3",
        "@types/uuid": "^10",
        "@types/yargs": "^17.0.33",
        "@typescript-eslint/eslint-plugin": "^6.12.0",
        "@typescript-eslint/parser": "^6.12.0",
        "better-sqlite3": "^11.7.0",
        "dotenv": "^16.3.1",
        "dpdm": "^3.12.0",
        "eslint": "^8.33.0",
        "eslint-config-airbnb-base": "^15.0.0",
        "eslint-config-prettier": "^8.6.0",
        "eslint-plugin-import": "^2.29.1",
        "eslint-plugin-no-instanceof": "^1.0.1",
        "eslint-plugin-prettier": "^4.2.1",
        "mongodb": "^6.8.0",
        "pg": "^8.12.0",
        "prettier": "^2.8.3",
        "rollup": "^4.37.0",
        "typescript": "^4.9.5 || ^5.4.5"
      },
      "engines": {
        "node": ">=18"
      },
      "peerDependencies": {
        "@langchain/core": "^1.0.1",
        "@langchain/langgraph-checkpoint": "^1.0.0"
      }
    },
    "../reference-codebase/langgraphjs/libs/checkpoint-validation": {
      "name": "@langchain/langgraph-checkpoint-validation",
      "version": "1.0.0",
      "dev": true,
      "license": "MIT",
      "dependencies": {
        "vitest": "^3.2.4",
        "yargs": "^17.7.2",
        "zod": "^3.23.8"
      },
      "bin": {
        "validate-checkpointer": "bin/cli.js"
      },
      "devDependencies": {
        "@langchain/langgraph-checkpoint": "workspace:*",
        "@langchain/langgraph-checkpoint-mongodb": "workspace:*",
        "@langchain/langgraph-checkpoint-postgres": "workspace:*",
        "@langchain/langgraph-checkpoint-redis": "workspace:*",
        "@langchain/langgraph-checkpoint-sqlite": "workspace:*",
        "@langchain/scripts": ">=0.1.3 <0.2.0",
        "@testcontainers/mongodb": "^11.0.3",
        "@testcontainers/postgresql": "^11.0.3",
        "@tsconfig/recommended": "^1.0.3",
        "@types/uuid": "^10",
        "@types/yargs": "^17.0.33",
        "@typescript-eslint/eslint-plugin": "^6.12.0",
        "@typescript-eslint/parser": "^6.12.0",
        "better-sqlite3": "^11.7.0",
        "dotenv": "^16.3.1",
        "dpdm": "^3.12.0",
        "eslint": "^8.33.0",
        "eslint-config-airbnb-base": "^15.0.0",
        "eslint-config-prettier": "^8.6.0",
        "eslint-plugin-import": "^2.29.1",
        "eslint-plugin-no-instanceof": "^1.0.1",
        "eslint-plugin-prettier": "^4.2.1",
        "mongodb": "^6.8.0",
        "pg": "^8.12.0",
        "prettier": "^2.8.3",
        "rollup": "^4.37.0",
        "typescript": "^4.9.5 || ^5.4.5"
      },
      "engines": {
        "node": ">=18"
      },
      "peerDependencies": {
        "@langchain/core": "^1.0.1",
        "@langchain/langgraph-checkpoint": "^1.0.0"
      }
    },
    "node_modules/@langchain/langgraph-checkpoint-validation": {
      "resolved": "../reference-codebase/langgraphjs/libs/checkpoint-validation",
      "link": true
    }
  }
}
